dependencies:
- name: nexus-crd
  repository: oci://ghcr.io/sneaksanddata/helm
  version: v0.0.0-3-ga307185
- name: nexus
  repository: oci://ghcr.io/sneaksanddata/helm
  version: v0.0.0-20-gfbbcdb3
- name: nexus-receiver
  repository: oci://ghcr.io/sneaksanddata/helm
  version: v0.0.0-8-g8d07d9a
- name: nexus-supervisor
  repository: oci://ghcr.io/sneaksanddata/helm
  version: v0.0.0-8-g36a50e5
- name: cert-manager
  repository: https://charts.jetstack.io
  version: v1.18.2
- name: scylla
  repository: https://scylla-operator-charts.storage.googleapis.com/stable
  version: v1.17.1
- name: scylla-operator
  repository: https://scylla-operator-charts.storage.googleapis.com/stable
  version: v1.17.1
- name: scylla-manager
  repository: https://scylla-operator-charts.storage.googleapis.com/stable
  version: v1.17.1
digest: sha256:5ddd1786eb271e3477a4055710e2e41477f347bc63302bdcc8a26077d7785fea
generated: "2025-07-29T17:17:18.669114+02:00"
