dependencies:
- name: nexus-crd
  repository: oci://ghcr.io/sneaksanddata/helm
  version: v0.0.0-3-ga307185
- name: nexus
  repository: oci://ghcr.io/sneaksanddata/helm
  version: v0.0.0-18-ge6281f6
- name: nexus-receiver
  repository: oci://ghcr.io/sneaksanddata/helm
  version: v0.0.0-8-g8d07d9a
- name: nexus-supervisor
  repository: oci://ghcr.io/sneaksanddata/helm
  version: v0.0.0-8-g36a50e5
digest: sha256:3b329639b151a64f0ba89494a21b190ceadbcb06e28f0b8c6bd94d3ad8839586
generated: "2025-07-02T15:36:46.689707+02:00"
