dependencies:
- name: nexus-crd
  repository: oci://ghcr.io/sneaksanddata/helm
  version: v0.0.0-3-ga307185
- name: nexus
  repository: oci://ghcr.io/sneaksanddata/helm
  version: v0.0.0-20-gfbbcdb3
- name: nexus-receiver
  repository: oci://ghcr.io/sneaksanddata/helm
  version: v0.0.0-8-g8d07d9a
- name: nexus-supervisor
  repository: oci://ghcr.io/sneaksanddata/helm
  version: v0.0.0-8-g36a50e5
- name: scylla
  repository: https://scylla-operator-charts.storage.googleapis.com/stable
  version: v1.17.1
- name: scylla-operator
  repository: https://scylla-operator-charts.storage.googleapis.com/stable
  version: v1.17.1
- name: scylla-manager
  repository: https://scylla-operator-charts.storage.googleapis.com/stable
  version: v1.17.1
digest: sha256:96cdb9562d5da8309269b19a5d25aa2b4538506022e9891c9258d44fb9296f8e
generated: "2025-07-29T17:19:32.162868+02:00"
